
Microsoft Visual Studio Solution File, Format Version 12.00
# Visual Studio Version 16
VisualStudioVersion = 16.0.29519.87
MinimumVisualStudioVersion = 10.0.40219.1
Project("{9A19103F-16F7-4668-BE54-9A1E7A4F7556}") = "SilverLeaf.Public.Web", "Web\SilverLeaf.Public.Web.csproj", "{84BBB189-CE7A-41F2-8DFA-62A264D3FFE5}"
EndProject
Global
	GlobalSection(SolutionConfigurationPlatforms) = preSolution
		Debug|Any CPU = Debug|Any CPU
		Release|Any CPU = Release|Any CPU
	EndGlobalSection
	GlobalSection(ProjectConfigurationPlatforms) = postSolution
		{84BBB189-CE7A-41F2-8DFA-62A264D3FFE5}.Debug|Any CPU.ActiveCfg = Debug|Any CPU
		{84BBB189-CE7A-41F2-8DFA-62A264D3FFE5}.Debug|Any CPU.Build.0 = Debug|Any CPU
		{84BBB189-CE7A-41F2-8DFA-62A264D3FFE5}.Release|Any CPU.ActiveCfg = Release|Any CPU
		{84BBB189-CE7A-41F2-8DFA-62A264D3FFE5}.Release|Any CPU.Build.0 = Release|Any CPU
	EndGlobalSection
	GlobalSection(SolutionProperties) = preSolution
		HideSolutionNode = FALSE
	EndGlobalSection
	GlobalSection(ExtensibilityGlobals) = postSolution
		SolutionGuid = {AC9B1F5B-131B-44AF-AA51-2D5BA3DC65E9}
	EndGlobalSection
EndGlobal
